
Microsoft Visual Studio Solution File, Format Version 12.00
# Visual Studio Version 16
VisualStudioVersion = 16.0.29806.167
MinimumVisualStudioVersion = 10.0.40219.1
Project("{2150E333-8FDC-42A3-9474-1A3956D46DE8}") = "1.UserInterface", "1.UserInterface", "{CEB3369C-60CB-4BB9-A939-48686D8BA389}"
EndProject
Project("{2150E333-8FDC-42A3-9474-1A3956D46DE8}") = "3.Domain", "3.Domain", "{59CD5895-FF11-4531-8480-81E668E8FEC6}"
EndProject
Project("{2150E333-8FDC-42A3-9474-1A3956D46DE8}") = "4.Infrastructure", "4.Infrastructure", "{47753C67-1FD2-441D-BA47-F33211EA13EB}"
EndProject
Project("{2150E333-8FDC-42A3-9474-1A3956D46DE8}") = "2.Application", "2.Application", "{29BD823D-BC56-4505-9C89-2EE1BB78F74F}"
EndProject
Project("{FAE04EC0-301F-11D3-BF4B-00C04F79EFBC}") = "UI.Desktop", "UI.Desktop\UI.Desktop.csproj", "{C8FE0F88-5277-421A-94FF-E4BF76C62818}"
EndProject
Project("{FAE04EC0-301F-11D3-BF4B-00C04F79EFBC}") = "UI.Web", "UI.Web\UI.Web.csproj", "{ACCC09A2-5E3E-4AE8-BB69-1EF14551F29B}"
EndProject
Project("{FAE04EC0-301F-11D3-BF4B-00C04F79EFBC}") = "Aplication", "Aplication\Aplication.csproj", "{FF956855-E3E8-470B-8B9B-C7D658696826}"
EndProject
Project("{FAE04EC0-301F-11D3-BF4B-00C04F79EFBC}") = "Aplication.DTO", "Aplication.DTO\Aplication.DTO.csproj", "{6A3666D4-8659-4FBA-8DE5-4A72E660280F}"
EndProject
Project("{FAE04EC0-301F-11D3-BF4B-00C04F79EFBC}") = "Domain.Models", "Domain.Models\Domain.Models.csproj", "{E565F48D-725F-478F-A92A-FA573C761E36}"
EndProject
Project("{FAE04EC0-301F-11D3-BF4B-00C04F79EFBC}") = "Domain.Services", "Domain.Services\Domain.Services.csproj", "{7A7DCEE0-1F55-4F9B-B0FD-1CD1A7957A9F}"
EndProject
Project("{FAE04EC0-301F-11D3-BF4B-00C04F79EFBC}") = "Infra.DataAccess", "Infra.DataAccess\Infra.DataAccess.csproj", "{B6DCACD8-19E3-4161-9965-F3EB3896848F}"
EndProject
Project("{FAE04EC0-301F-11D3-BF4B-00C04F79EFBC}") = "Infra.EmailService", "Infra.EmailService\Infra.EmailService.csproj", "{003D21C2-FE2A-4CF1-801A-65FD540634EF}"
EndProject
Project("{FAE04EC0-301F-11D3-BF4B-00C04F79EFBC}") = "Infra.ExternalServices", "Infra.ExternalServices\Infra.ExternalServices.csproj", "{245314BF-9AA2-4818-9576-3C844C04C42E}"
EndProject
Project("{FAE04EC0-301F-11D3-BF4B-00C04F79EFBC}") = "Infra.CrossCutting", "Infra.CrossCutting\Infra.CrossCutting.csproj", "{AF074FDD-1914-4E86-8BC9-D49BD3EB476F}"
EndProject
Global
	GlobalSection(SolutionConfigurationPlatforms) = preSolution
		Debug|Any CPU = Debug|Any CPU
		Release|Any CPU = Release|Any CPU
	EndGlobalSection
	GlobalSection(ProjectConfigurationPlatforms) = postSolution
		{C8FE0F88-5277-421A-94FF-E4BF76C62818}.Debug|Any CPU.ActiveCfg = Debug|Any CPU
		{C8FE0F88-5277-421A-94FF-E4BF76C62818}.Debug|Any CPU.Build.0 = Debug|Any CPU
		{C8FE0F88-5277-421A-94FF-E4BF76C62818}.Release|Any CPU.ActiveCfg = Release|Any CPU
		{C8FE0F88-5277-421A-94FF-E4BF76C62818}.Release|Any CPU.Build.0 = Release|Any CPU
		{ACCC09A2-5E3E-4AE8-BB69-1EF14551F29B}.Debug|Any CPU.ActiveCfg = Debug|Any CPU
		{ACCC09A2-5E3E-4AE8-BB69-1EF14551F29B}.Debug|Any CPU.Build.0 = Debug|Any CPU
		{ACCC09A2-5E3E-4AE8-BB69-1EF14551F29B}.Release|Any CPU.ActiveCfg = Release|Any CPU
		{ACCC09A2-5E3E-4AE8-BB69-1EF14551F29B}.Release|Any CPU.Build.0 = Release|Any CPU
		{FF956855-E3E8-470B-8B9B-C7D658696826}.Debug|Any CPU.ActiveCfg = Debug|Any CPU
		{FF956855-E3E8-470B-8B9B-C7D658696826}.Debug|Any CPU.Build.0 = Debug|Any CPU
		{FF956855-E3E8-470B-8B9B-C7D658696826}.Release|Any CPU.ActiveCfg = Release|Any CPU
		{FF956855-E3E8-470B-8B9B-C7D658696826}.Release|Any CPU.Build.0 = Release|Any CPU
		{6A3666D4-8659-4FBA-8DE5-4A72E660280F}.Debug|Any CPU.ActiveCfg = Debug|Any CPU
		{6A3666D4-8659-4FBA-8DE5-4A72E660280F}.Debug|Any CPU.Build.0 = Debug|Any CPU
		{6A3666D4-8659-4FBA-8DE5-4A72E660280F}.Release|Any CPU.ActiveCfg = Release|Any CPU
		{6A3666D4-8659-4FBA-8DE5-4A72E660280F}.Release|Any CPU.Build.0 = Release|Any CPU
		{E565F48D-725F-478F-A92A-FA573C761E36}.Debug|Any CPU.ActiveCfg = Debug|Any CPU
		{E565F48D-725F-478F-A92A-FA573C761E36}.Debug|Any CPU.Build.0 = Debug|Any CPU
		{E565F48D-725F-478F-A92A-FA573C761E36}.Release|Any CPU.ActiveCfg = Release|Any CPU
		{E565F48D-725F-478F-A92A-FA573C761E36}.Release|Any CPU.Build.0 = Release|Any CPU
		{7A7DCEE0-1F55-4F9B-B0FD-1CD1A7957A9F}.Debug|Any CPU.ActiveCfg = Debug|Any CPU
		{7A7DCEE0-1F55-4F9B-B0FD-1CD1A7957A9F}.Debug|Any CPU.Build.0 = Debug|Any CPU
		{7A7DCEE0-1F55-4F9B-B0FD-1CD1A7957A9F}.Release|Any CPU.ActiveCfg = Release|Any CPU
		{7A7DCEE0-1F55-4F9B-B0FD-1CD1A7957A9F}.Release|Any CPU.Build.0 = Release|Any CPU
		{B6DCACD8-19E3-4161-9965-F3EB3896848F}.Debug|Any CPU.ActiveCfg = Debug|Any CPU
		{B6DCACD8-19E3-4161-9965-F3EB3896848F}.Debug|Any CPU.Build.0 = Debug|Any CPU
		{B6DCACD8-19E3-4161-9965-F3EB3896848F}.Release|Any CPU.ActiveCfg = Release|Any CPU
		{B6DCACD8-19E3-4161-9965-F3EB3896848F}.Release|Any CPU.Build.0 = Release|Any CPU
		{003D21C2-FE2A-4CF1-801A-65FD540634EF}.Debug|Any CPU.ActiveCfg = Debug|Any CPU
		{003D21C2-FE2A-4CF1-801A-65FD540634EF}.Debug|Any CPU.Build.0 = Debug|Any CPU
		{003D21C2-FE2A-4CF1-801A-65FD540634EF}.Release|Any CPU.ActiveCfg = Release|Any CPU
		{003D21C2-FE2A-4CF1-801A-65FD540634EF}.Release|Any CPU.Build.0 = Release|Any CPU
		{245314BF-9AA2-4818-9576-3C844C04C42E}.Debug|Any CPU.ActiveCfg = Debug|Any CPU
		{245314BF-9AA2-4818-9576-3C844C04C42E}.Debug|Any CPU.Build.0 = Debug|Any CPU
		{245314BF-9AA2-4818-9576-3C844C04C42E}.Release|Any CPU.ActiveCfg = Release|Any CPU
		{245314BF-9AA2-4818-9576-3C844C04C42E}.Release|Any CPU.Build.0 = Release|Any CPU
		{AF074FDD-1914-4E86-8BC9-D49BD3EB476F}.Debug|Any CPU.ActiveCfg = Debug|Any CPU
		{AF074FDD-1914-4E86-8BC9-D49BD3EB476F}.Debug|Any CPU.Build.0 = Debug|Any CPU
		{AF074FDD-1914-4E86-8BC9-D49BD3EB476F}.Release|Any CPU.ActiveCfg = Release|Any CPU
		{AF074FDD-1914-4E86-8BC9-D49BD3EB476F}.Release|Any CPU.Build.0 = Release|Any CPU
	EndGlobalSection
	GlobalSection(SolutionProperties) = preSolution
		HideSolutionNode = FALSE
	EndGlobalSection
	GlobalSection(NestedProjects) = preSolution
		{C8FE0F88-5277-421A-94FF-E4BF76C62818} = {CEB3369C-60CB-4BB9-A939-48686D8BA389}
		{ACCC09A2-5E3E-4AE8-BB69-1EF14551F29B} = {CEB3369C-60CB-4BB9-A939-48686D8BA389}
		{FF956855-E3E8-470B-8B9B-C7D658696826} = {29BD823D-BC56-4505-9C89-2EE1BB78F74F}
		{6A3666D4-8659-4FBA-8DE5-4A72E660280F} = {29BD823D-BC56-4505-9C89-2EE1BB78F74F}
		{E565F48D-725F-478F-A92A-FA573C761E36} = {59CD5895-FF11-4531-8480-81E668E8FEC6}
		{7A7DCEE0-1F55-4F9B-B0FD-1CD1A7957A9F} = {59CD5895-FF11-4531-8480-81E668E8FEC6}
		{B6DCACD8-19E3-4161-9965-F3EB3896848F} = {47753C67-1FD2-441D-BA47-F33211EA13EB}
		{003D21C2-FE2A-4CF1-801A-65FD540634EF} = {47753C67-1FD2-441D-BA47-F33211EA13EB}
		{245314BF-9AA2-4818-9576-3C844C04C42E} = {47753C67-1FD2-441D-BA47-F33211EA13EB}
		{AF074FDD-1914-4E86-8BC9-D49BD3EB476F} = {47753C67-1FD2-441D-BA47-F33211EA13EB}
	EndGlobalSection
	GlobalSection(ExtensibilityGlobals) = postSolution
		SolutionGuid = {71A91521-53CC-45EA-A937-106B0DD63DC8}
	EndGlobalSection
EndGlobal
